
Microsoft Visual Studio Solution File, Format Version 12.00
# Visual Studio Version 17
VisualStudioVersion = 17.5.33530.505
MinimumVisualStudioVersion = 10.0.40219.1
Project("{9A19103F-16F7-4668-BE54-9A1E7A4F7556}") = "AutoFacSample", "src\AutoFacSample\AutoFacSample.csproj", "{96516211-66E7-47E0-A955-376BBDF236DA}"
EndProject
Project("{FAE04EC0-301F-11D3-BF4B-00C04F79EFBC}") = "AutoFacTest", "test\AutoFacTest\AutoFacTest.csproj", "{0226B640-602C-48FF-BDFB-BD0CE20ADF25}"
EndProject
Project("{FAE04EC0-301F-11D3-BF4B-00C04F79EFBC}") = "AutoClassLib", "src\AutoClassLib\AutoClassLib.csproj", "{BCC7BE3B-6CC0-4D0B-8AAB-BAAC82DF0873}"
EndProject
Global
	GlobalSection(SolutionConfigurationPlatforms) = preSolution
		Debug|Any CPU = Debug|Any CPU
		Release|Any CPU = Release|Any CPU
	EndGlobalSection
	GlobalSection(ProjectConfigurationPlatforms) = postSolution
		{96516211-66E7-47E0-A955-376BBDF236DA}.Debug|Any CPU.ActiveCfg = Debug|Any CPU
		{96516211-66E7-47E0-A955-376BBDF236DA}.Debug|Any CPU.Build.0 = Debug|Any CPU
		{96516211-66E7-47E0-A955-376BBDF236DA}.Release|Any CPU.ActiveCfg = Release|Any CPU
		{96516211-66E7-47E0-A955-376BBDF236DA}.Release|Any CPU.Build.0 = Release|Any CPU
		{0226B640-602C-48FF-BDFB-BD0CE20ADF25}.Debug|Any CPU.ActiveCfg = Debug|Any CPU
		{0226B640-602C-48FF-BDFB-BD0CE20ADF25}.Debug|Any CPU.Build.0 = Debug|Any CPU
		{0226B640-602C-48FF-BDFB-BD0CE20ADF25}.Release|Any CPU.ActiveCfg = Release|Any CPU
		{0226B640-602C-48FF-BDFB-BD0CE20ADF25}.Release|Any CPU.Build.0 = Release|Any CPU
		{BCC7BE3B-6CC0-4D0B-8AAB-BAAC82DF0873}.Debug|Any CPU.ActiveCfg = Debug|Any CPU
		{BCC7BE3B-6CC0-4D0B-8AAB-BAAC82DF0873}.Debug|Any CPU.Build.0 = Debug|Any CPU
		{BCC7BE3B-6CC0-4D0B-8AAB-BAAC82DF0873}.Release|Any CPU.ActiveCfg = Release|Any CPU
		{BCC7BE3B-6CC0-4D0B-8AAB-BAAC82DF0873}.Release|Any CPU.Build.0 = Release|Any CPU
	EndGlobalSection
	GlobalSection(SolutionProperties) = preSolution
		HideSolutionNode = FALSE
	EndGlobalSection
	GlobalSection(ExtensibilityGlobals) = postSolution
		SolutionGuid = {54801470-6B57-4BC9-9BC6-7884788CBB66}
	EndGlobalSection
EndGlobal
